
Microsoft Visual Studio Solution File, Format Version 12.00
# Visual Studio 15
VisualStudioVersion = 15.0.28307.271
MinimumVisualStudioVersion = 10.0.40219.1
Project("{FAE04EC0-301F-11D3-BF4B-00C04F79EFBC}") = "BabysitterKata", "BabysitterKata\BabysitterKata.csproj", "{2BBB9D70-D31F-4353-938A-539E5A0E2916}"
EndProject
Project("{FAE04EC0-301F-11D3-BF4B-00C04F79EFBC}") = "BabySitterKataUnitTests", "BabySitterKataUnitTests\BabySitterKataUnitTests.csproj", "{78DFCACD-4E53-43B8-8B45-DCECA66CFE58}"
EndProject
Global
	GlobalSection(SolutionConfigurationPlatforms) = preSolution
		Debug|Any CPU = Debug|Any CPU
		Release|Any CPU = Release|Any CPU
	EndGlobalSection
	GlobalSection(ProjectConfigurationPlatforms) = postSolution
		{2BBB9D70-D31F-4353-938A-539E5A0E2916}.Debug|Any CPU.ActiveCfg = Debug|Any CPU
		{2BBB9D70-D31F-4353-938A-539E5A0E2916}.Debug|Any CPU.Build.0 = Debug|Any CPU
		{2BBB9D70-D31F-4353-938A-539E5A0E2916}.Release|Any CPU.ActiveCfg = Release|Any CPU
		{2BBB9D70-D31F-4353-938A-539E5A0E2916}.Release|Any CPU.Build.0 = Release|Any CPU
		{78DFCACD-4E53-43B8-8B45-DCECA66CFE58}.Debug|Any CPU.ActiveCfg = Debug|Any CPU
		{78DFCACD-4E53-43B8-8B45-DCECA66CFE58}.Debug|Any CPU.Build.0 = Debug|Any CPU
		{78DFCACD-4E53-43B8-8B45-DCECA66CFE58}.Release|Any CPU.ActiveCfg = Release|Any CPU
		{78DFCACD-4E53-43B8-8B45-DCECA66CFE58}.Release|Any CPU.Build.0 = Release|Any CPU
	EndGlobalSection
	GlobalSection(SolutionProperties) = preSolution
		HideSolutionNode = FALSE
	EndGlobalSection
	GlobalSection(ExtensibilityGlobals) = postSolution
		SolutionGuid = {7469AA16-5AAF-4D95-BA88-F10430F23DD3}
	EndGlobalSection
EndGlobal
